
Microsoft Visual Studio Solution File, Format Version 12.00
# Visual Studio 2012
Project("{FAE04EC0-301F-11D3-BF4B-00C04F79EFBC}") = "FunctionRegression", "FunctionRegression\FunctionRegression.csproj", "{305249EF-68AE-445E-AABD-293D0011819C}"
EndProject
Global
	GlobalSection(SolutionConfigurationPlatforms) = preSolution
		Debug|Any CPU = Debug|Any CPU
		Release|Any CPU = Release|Any CPU
	EndGlobalSection
	GlobalSection(ProjectConfigurationPlatforms) = postSolution
		{305249EF-68AE-445E-AABD-293D0011819C}.Debug|Any CPU.ActiveCfg = Debug|Any CPU
		{305249EF-68AE-445E-AABD-293D0011819C}.Debug|Any CPU.Build.0 = Debug|Any CPU
		{305249EF-68AE-445E-AABD-293D0011819C}.Release|Any CPU.ActiveCfg = Release|Any CPU
		{305249EF-68AE-445E-AABD-293D0011819C}.Release|Any CPU.Build.0 = Release|Any CPU
	EndGlobalSection
	GlobalSection(SolutionProperties) = preSolution
		HideSolutionNode = FALSE
	EndGlobalSection
EndGlobal
